
Microsoft Visual Studio Solution File, Format Version 12.00
# Visual Studio Version 17
VisualStudioVersion = 17.4.33103.184
MinimumVisualStudioVersion = 10.0.40219.1
Project("{FAE04EC0-301F-11D3-BF4B-00C04F79EFBC}") = "Task_1", "Task_1\Task_1.csproj", "{6F795108-D5A6-4F76-872C-67151A0EB447}"
EndProject
Project("{FAE04EC0-301F-11D3-BF4B-00C04F79EFBC}") = "Task_2", "Task_2\Task_2.csproj", "{B8958164-2A40-465A-B174-2067E394592C}"
EndProject
Project("{FAE04EC0-301F-11D3-BF4B-00C04F79EFBC}") = "Task_3", "Task_3\Task_3.csproj", "{49845D74-D560-49F2-B3A7-8300CBF78FAF}"
EndProject
Global
	GlobalSection(SolutionConfigurationPlatforms) = preSolution
		Debug|Any CPU = Debug|Any CPU
		Release|Any CPU = Release|Any CPU
	EndGlobalSection
	GlobalSection(ProjectConfigurationPlatforms) = postSolution
		{6F795108-D5A6-4F76-872C-67151A0EB447}.Debug|Any CPU.ActiveCfg = Debug|Any CPU
		{6F795108-D5A6-4F76-872C-67151A0EB447}.Debug|Any CPU.Build.0 = Debug|Any CPU
		{6F795108-D5A6-4F76-872C-67151A0EB447}.Release|Any CPU.ActiveCfg = Release|Any CPU
		{6F795108-D5A6-4F76-872C-67151A0EB447}.Release|Any CPU.Build.0 = Release|Any CPU
		{B8958164-2A40-465A-B174-2067E394592C}.Debug|Any CPU.ActiveCfg = Debug|Any CPU
		{B8958164-2A40-465A-B174-2067E394592C}.Debug|Any CPU.Build.0 = Debug|Any CPU
		{B8958164-2A40-465A-B174-2067E394592C}.Release|Any CPU.ActiveCfg = Release|Any CPU
		{B8958164-2A40-465A-B174-2067E394592C}.Release|Any CPU.Build.0 = Release|Any CPU
		{49845D74-D560-49F2-B3A7-8300CBF78FAF}.Debug|Any CPU.ActiveCfg = Debug|Any CPU
		{49845D74-D560-49F2-B3A7-8300CBF78FAF}.Debug|Any CPU.Build.0 = Debug|Any CPU
		{49845D74-D560-49F2-B3A7-8300CBF78FAF}.Release|Any CPU.ActiveCfg = Release|Any CPU
		{49845D74-D560-49F2-B3A7-8300CBF78FAF}.Release|Any CPU.Build.0 = Release|Any CPU
	EndGlobalSection
	GlobalSection(SolutionProperties) = preSolution
		HideSolutionNode = FALSE
	EndGlobalSection
	GlobalSection(ExtensibilityGlobals) = postSolution
		SolutionGuid = {12407A38-B5EC-4AE7-A199-F05E7641E5FA}
	EndGlobalSection
EndGlobal
